Microsoft Visual Studio Solution File, Format Version 11.00
# Visual Studio 2008

Project("{23DDDB4B-7744-1A8D-1CE3-C5A18756A6DC}") = "WithoutSalt", "Assembly-CSharp.csproj", "{AAACDFD3-1B91-2092-D551-59857F0F5550}"
EndProject
Global
	GlobalSection(SolutionConfigurationPlatforms) = preSolution
		Debug|Any CPU = Debug|Any CPU
		Release|Any CPU = Release|Any CPU
	EndGlobalSection
	GlobalSection(ProjectConfigurationPlatforms) = postSolution
		{AAACDFD3-1B91-2092-D551-59857F0F5550}.Debug|Any CPU.ActiveCfg = Debug|Any CPU
		{AAACDFD3-1B91-2092-D551-59857F0F5550}.Debug|Any CPU.Build.0 = Debug|Any CPU
		{AAACDFD3-1B91-2092-D551-59857F0F5550}.Release|Any CPU.ActiveCfg = Release|Any CPU
		{AAACDFD3-1B91-2092-D551-59857F0F5550}.Release|Any CPU.Build.0 = Release|Any CPU
	EndGlobalSection
	GlobalSection(SolutionProperties) = preSolution
		HideSolutionNode = FALSE
	EndGlobalSection
							GlobalSection(MonoDevelopProperties) = preSolution
		StartupItem = Assembly-CSharp.csproj
		Policies = $0
		$0.TextStylePolicy = $1
		$1.inheritsSet = null
		$1.scope = text/x-csharp
		$0.CSharpFormattingPolicy = $2
		$2.inheritsSet = Mono
		$2.inheritsScope = text/x-csharp
		$2.scope = text/x-csharp
		$0.TextStylePolicy = $3
		$3.FileWidth = 120
		$3.TabWidth = 4
		$3.EolMarker = Unix
		$3.inheritsSet = Mono
		$3.inheritsScope = text/plain
		$3.scope = text/plain
	EndGlobalSection

EndGlobal
